
Microsoft Visual Studio Solution File, Format Version 12.00
# Visual Studio Version 17
VisualStudioVersion = 17.3.32901.215
MinimumVisualStudioVersion = 10.0.40219.1
Project("{8BC9CEB8-8B4A-11D0-8D11-00A0C91BC942}") = "task1", "task1\task1.vcxproj", "{D1A0DFE4-F960-419F-BCE1-96BAB7CBD691}"
EndProject
Global
	GlobalSection(SolutionConfigurationPlatforms) = preSolution
		Debug|x64 = Debug|x64
		Debug|x86 = Debug|x86
		Release|x64 = Release|x64
		Release|x86 = Release|x86
	EndGlobalSection
	GlobalSection(ProjectConfigurationPlatforms) = postSolution
		{D1A0DFE4-F960-419F-BCE1-96BAB7CBD691}.Debug|x64.ActiveCfg = Debug|x64
		{D1A0DFE4-F960-419F-BCE1-96BAB7CBD691}.Debug|x64.Build.0 = Debug|x64
		{D1A0DFE4-F960-419F-BCE1-96BAB7CBD691}.Debug|x86.ActiveCfg = Debug|Win32
		{D1A0DFE4-F960-419F-BCE1-96BAB7CBD691}.Debug|x86.Build.0 = Debug|Win32
		{D1A0DFE4-F960-419F-BCE1-96BAB7CBD691}.Release|x64.ActiveCfg = Release|x64
		{D1A0DFE4-F960-419F-BCE1-96BAB7CBD691}.Release|x64.Build.0 = Release|x64
		{D1A0DFE4-F960-419F-BCE1-96BAB7CBD691}.Release|x86.ActiveCfg = Release|Win32
		{D1A0DFE4-F960-419F-BCE1-96BAB7CBD691}.Release|x86.Build.0 = Release|Win32
	EndGlobalSection
	GlobalSection(SolutionProperties) = preSolution
		HideSolutionNode = FALSE
	EndGlobalSection
	GlobalSection(ExtensibilityGlobals) = postSolution
		SolutionGuid = {2DEF7EAB-102B-4228-9068-53DEC801FA47}
	EndGlobalSection
EndGlobal
