
Microsoft Visual Studio Solution File, Format Version 12.00
# Visual Studio Version 17
VisualStudioVersion = 17.3.32901.215
MinimumVisualStudioVersion = 10.0.40219.1
Project("{8BC9CEB8-8B4A-11D0-8D11-00A0C91BC942}") = "task1", "task1\task1.vcxproj", "{16E1D902-3935-402F-A5F1-396C284E04DE}"
EndProject
Project("{8BC9CEB8-8B4A-11D0-8D11-00A0C91BC942}") = "task2", "task2\task2.vcxproj", "{53CAB57C-2EA2-4898-9A5C-01D2F5D0FBA2}"
EndProject
Project("{8BC9CEB8-8B4A-11D0-8D11-00A0C91BC942}") = "task3", "task3\task3.vcxproj", "{3E3C6498-8651-4454-BBDA-D917E3831B57}"
EndProject
Project("{8BC9CEB8-8B4A-11D0-8D11-00A0C91BC942}") = "task4", "task4\task4.vcxproj", "{53824731-13C3-4DE6-89E5-64A5FB2B8659}"
EndProject
Project("{8BC9CEB8-8B4A-11D0-8D11-00A0C91BC942}") = "task5", "task5\task5.vcxproj", "{C19E0B9B-A0E0-406E-8F88-04D2B955C193}"
EndProject
Project("{8BC9CEB8-8B4A-11D0-8D11-00A0C91BC942}") = "task6", "task6\task6.vcxproj", "{1DED65B1-CC97-438A-8B8D-D38DFB7DA017}"
EndProject
Project("{8BC9CEB8-8B4A-11D0-8D11-00A0C91BC942}") = "task7", "task7\task7.vcxproj", "{980E3496-B193-4782-A2ED-0C03ACE3675C}"
EndProject
Project("{8BC9CEB8-8B4A-11D0-8D11-00A0C91BC942}") = "task8", "task8\task8.vcxproj", "{724FACC3-DA1E-4FBE-8D6D-6031AC38DAC8}"
EndProject
Project("{8BC9CEB8-8B4A-11D0-8D11-00A0C91BC942}") = "task9", "task9\task9.vcxproj", "{2C86F3C7-59EF-4782-878B-BEC6F8DE835A}"
EndProject
Project("{8BC9CEB8-8B4A-11D0-8D11-00A0C91BC942}") = "task10", "task10\task10.vcxproj", "{BB7A448A-0E41-4917-B965-740F8F61EBB8}"
EndProject
Global
	GlobalSection(SolutionConfigurationPlatforms) = preSolution
		Debug|x64 = Debug|x64
		Debug|x86 = Debug|x86
		Release|x64 = Release|x64
		Release|x86 = Release|x86
	EndGlobalSection
	GlobalSection(ProjectConfigurationPlatforms) = postSolution
		{16E1D902-3935-402F-A5F1-396C284E04DE}.Debug|x64.ActiveCfg = Debug|x64
		{16E1D902-3935-402F-A5F1-396C284E04DE}.Debug|x64.Build.0 = Debug|x64
		{16E1D902-3935-402F-A5F1-396C284E04DE}.Debug|x86.ActiveCfg = Debug|Win32
		{16E1D902-3935-402F-A5F1-396C284E04DE}.Debug|x86.Build.0 = Debug|Win32
		{16E1D902-3935-402F-A5F1-396C284E04DE}.Release|x64.ActiveCfg = Release|x64
		{16E1D902-3935-402F-A5F1-396C284E04DE}.Release|x64.Build.0 = Release|x64
		{16E1D902-3935-402F-A5F1-396C284E04DE}.Release|x86.ActiveCfg = Release|Win32
		{16E1D902-3935-402F-A5F1-396C284E04DE}.Release|x86.Build.0 = Release|Win32
		{53CAB57C-2EA2-4898-9A5C-01D2F5D0FBA2}.Debug|x64.ActiveCfg = Debug|x64
		{53CAB57C-2EA2-4898-9A5C-01D2F5D0FBA2}.Debug|x64.Build.0 = Debug|x64
		{53CAB57C-2EA2-4898-9A5C-01D2F5D0FBA2}.Debug|x86.ActiveCfg = Debug|Win32
		{53CAB57C-2EA2-4898-9A5C-01D2F5D0FBA2}.Debug|x86.Build.0 = Debug|Win32
		{53CAB57C-2EA2-4898-9A5C-01D2F5D0FBA2}.Release|x64.ActiveCfg = Release|x64
		{53CAB57C-2EA2-4898-9A5C-01D2F5D0FBA2}.Release|x64.Build.0 = Release|x64
		{53CAB57C-2EA2-4898-9A5C-01D2F5D0FBA2}.Release|x86.ActiveCfg = Release|Win32
		{53CAB57C-2EA2-4898-9A5C-01D2F5D0FBA2}.Release|x86.Build.0 = Release|Win32
		{3E3C6498-8651-4454-BBDA-D917E3831B57}.Debug|x64.ActiveCfg = Debug|x64
		{3E3C6498-8651-4454-BBDA-D917E3831B57}.Debug|x64.Build.0 = Debug|x64
		{3E3C6498-8651-4454-BBDA-D917E3831B57}.Debug|x86.ActiveCfg = Debug|Win32
		{3E3C6498-8651-4454-BBDA-D917E3831B57}.Debug|x86.Build.0 = Debug|Win32
		{3E3C6498-8651-4454-BBDA-D917E3831B57}.Release|x64.ActiveCfg = Release|x64
		{3E3C6498-8651-4454-BBDA-D917E3831B57}.Release|x64.Build.0 = Release|x64
		{3E3C6498-8651-4454-BBDA-D917E3831B57}.Release|x86.ActiveCfg = Release|Win32
		{3E3C6498-8651-4454-BBDA-D917E3831B57}.Release|x86.Build.0 = Release|Win32
		{53824731-13C3-4DE6-89E5-64A5FB2B8659}.Debug|x64.ActiveCfg = Debug|x64
		{53824731-13C3-4DE6-89E5-64A5FB2B8659}.Debug|x64.Build.0 = Debug|x64
		{53824731-13C3-4DE6-89E5-64A5FB2B8659}.Debug|x86.ActiveCfg = Debug|Win32
		{53824731-13C3-4DE6-89E5-64A5FB2B8659}.Debug|x86.Build.0 = Debug|Win32
		{53824731-13C3-4DE6-89E5-64A5FB2B8659}.Release|x64.ActiveCfg = Release|x64
		{53824731-13C3-4DE6-89E5-64A5FB2B8659}.Release|x64.Build.0 = Release|x64
		{53824731-13C3-4DE6-89E5-64A5FB2B8659}.Release|x86.ActiveCfg = Release|Win32
		{53824731-13C3-4DE6-89E5-64A5FB2B8659}.Release|x86.Build.0 = Release|Win32
		{C19E0B9B-A0E0-406E-8F88-04D2B955C193}.Debug|x64.ActiveCfg = Debug|x64
		{C19E0B9B-A0E0-406E-8F88-04D2B955C193}.Debug|x64.Build.0 = Debug|x64
		{C19E0B9B-A0E0-406E-8F88-04D2B955C193}.Debug|x86.ActiveCfg = Debug|Win32
		{C19E0B9B-A0E0-406E-8F88-04D2B955C193}.Debug|x86.Build.0 = Debug|Win32
		{C19E0B9B-A0E0-406E-8F88-04D2B955C193}.Release|x64.ActiveCfg = Release|x64
		{C19E0B9B-A0E0-406E-8F88-04D2B955C193}.Release|x64.Build.0 = Release|x64
		{C19E0B9B-A0E0-406E-8F88-04D2B955C193}.Release|x86.ActiveCfg = Release|Win32
		{C19E0B9B-A0E0-406E-8F88-04D2B955C193}.Release|x86.Build.0 = Release|Win32
		{1DED65B1-CC97-438A-8B8D-D38DFB7DA017}.Debug|x64.ActiveCfg = Debug|x64
		{1DED65B1-CC97-438A-8B8D-D38DFB7DA017}.Debug|x64.Build.0 = Debug|x64
		{1DED65B1-CC97-438A-8B8D-D38DFB7DA017}.Debug|x86.ActiveCfg = Debug|Win32
		{1DED65B1-CC97-438A-8B8D-D38DFB7DA017}.Debug|x86.Build.0 = Debug|Win32
		{1DED65B1-CC97-438A-8B8D-D38DFB7DA017}.Release|x64.ActiveCfg = Release|x64
		{1DED65B1-CC97-438A-8B8D-D38DFB7DA017}.Release|x64.Build.0 = Release|x64
		{1DED65B1-CC97-438A-8B8D-D38DFB7DA017}.Release|x86.ActiveCfg = Release|Win32
		{1DED65B1-CC97-438A-8B8D-D38DFB7DA017}.Release|x86.Build.0 = Release|Win32
		{980E3496-B193-4782-A2ED-0C03ACE3675C}.Debug|x64.ActiveCfg = Debug|x64
		{980E3496-B193-4782-A2ED-0C03ACE3675C}.Debug|x64.Build.0 = Debug|x64
		{980E3496-B193-4782-A2ED-0C03ACE3675C}.Debug|x86.ActiveCfg = Debug|Win32
		{980E3496-B193-4782-A2ED-0C03ACE3675C}.Debug|x86.Build.0 = Debug|Win32
		{980E3496-B193-4782-A2ED-0C03ACE3675C}.Release|x64.ActiveCfg = Release|x64
		{980E3496-B193-4782-A2ED-0C03ACE3675C}.Release|x64.Build.0 = Release|x64
		{980E3496-B193-4782-A2ED-0C03ACE3675C}.Release|x86.ActiveCfg = Release|Win32
		{980E3496-B193-4782-A2ED-0C03ACE3675C}.Release|x86.Build.0 = Release|Win32
		{724FACC3-DA1E-4FBE-8D6D-6031AC38DAC8}.Debug|x64.ActiveCfg = Debug|x64
		{724FACC3-DA1E-4FBE-8D6D-6031AC38DAC8}.Debug|x64.Build.0 = Debug|x64
		{724FACC3-DA1E-4FBE-8D6D-6031AC38DAC8}.Debug|x86.ActiveCfg = Debug|Win32
		{724FACC3-DA1E-4FBE-8D6D-6031AC38DAC8}.Debug|x86.Build.0 = Debug|Win32
		{724FACC3-DA1E-4FBE-8D6D-6031AC38DAC8}.Release|x64.ActiveCfg = Release|x64
		{724FACC3-DA1E-4FBE-8D6D-6031AC38DAC8}.Release|x64.Build.0 = Release|x64
		{724FACC3-DA1E-4FBE-8D6D-6031AC38DAC8}.Release|x86.ActiveCfg = Release|Win32
		{724FACC3-DA1E-4FBE-8D6D-6031AC38DAC8}.Release|x86.Build.0 = Release|Win32
		{2C86F3C7-59EF-4782-878B-BEC6F8DE835A}.Debug|x64.ActiveCfg = Debug|x64
		{2C86F3C7-59EF-4782-878B-BEC6F8DE835A}.Debug|x64.Build.0 = Debug|x64
		{2C86F3C7-59EF-4782-878B-BEC6F8DE835A}.Debug|x86.ActiveCfg = Debug|Win32
		{2C86F3C7-59EF-4782-878B-BEC6F8DE835A}.Debug|x86.Build.0 = Debug|Win32
		{2C86F3C7-59EF-4782-878B-BEC6F8DE835A}.Release|x64.ActiveCfg = Release|x64
		{2C86F3C7-59EF-4782-878B-BEC6F8DE835A}.Release|x64.Build.0 = Release|x64
		{2C86F3C7-59EF-4782-878B-BEC6F8DE835A}.Release|x86.ActiveCfg = Release|Win32
		{2C86F3C7-59EF-4782-878B-BEC6F8DE835A}.Release|x86.Build.0 = Release|Win32
		{BB7A448A-0E41-4917-B965-740F8F61EBB8}.Debug|x64.ActiveCfg = Debug|x64
		{BB7A448A-0E41-4917-B965-740F8F61EBB8}.Debug|x64.Build.0 = Debug|x64
		{BB7A448A-0E41-4917-B965-740F8F61EBB8}.Debug|x86.ActiveCfg = Debug|Win32
		{BB7A448A-0E41-4917-B965-740F8F61EBB8}.Debug|x86.Build.0 = Debug|Win32
		{BB7A448A-0E41-4917-B965-740F8F61EBB8}.Release|x64.ActiveCfg = Release|x64
		{BB7A448A-0E41-4917-B965-740F8F61EBB8}.Release|x64.Build.0 = Release|x64
		{BB7A448A-0E41-4917-B965-740F8F61EBB8}.Release|x86.ActiveCfg = Release|Win32
		{BB7A448A-0E41-4917-B965-740F8F61EBB8}.Release|x86.Build.0 = Release|Win32
	EndGlobalSection
	GlobalSection(SolutionProperties) = preSolution
		HideSolutionNode = FALSE
	EndGlobalSection
	GlobalSection(ExtensibilityGlobals) = postSolution
		SolutionGuid = {2FA7FE0C-CF1F-4B9F-844A-A6862A878E3D}
	EndGlobalSection
EndGlobal
