
Microsoft Visual Studio Solution File, Format Version 12.00
# Visual Studio Version 17
VisualStudioVersion = 17.3.32901.215
MinimumVisualStudioVersion = 10.0.40219.1
Project("{8BC9CEB8-8B4A-11D0-8D11-00A0C91BC942}") = "Task-1", "Task-1\Task-1.vcxproj", "{81722AAE-DF88-4E9B-A74C-CD104BAC1053}"
EndProject
Project("{8BC9CEB8-8B4A-11D0-8D11-00A0C91BC942}") = "task-2", "task-2\task-2.vcxproj", "{FEB7AFC7-614C-46FD-B82A-AAF2ECD1B5EE}"
EndProject
Project("{8BC9CEB8-8B4A-11D0-8D11-00A0C91BC942}") = "Task-3", "Task-3\Task-3.vcxproj", "{FB99E6B2-C5D7-4AE5-B046-DF3071F0AED4}"
EndProject
Project("{8BC9CEB8-8B4A-11D0-8D11-00A0C91BC942}") = "task-4", "task-4\task-4.vcxproj", "{237802D4-D042-40BF-BD08-F21A66DC5120}"
EndProject
Project("{8BC9CEB8-8B4A-11D0-8D11-00A0C91BC942}") = "task-5", "task-5\task-5.vcxproj", "{8EEC9DFE-B46B-4191-8F27-4667E80AAFB7}"
EndProject
Project("{8BC9CEB8-8B4A-11D0-8D11-00A0C91BC942}") = "Task-6", "Task-6\Task-6.vcxproj", "{F87FEA46-348A-451B-ACC8-80E60E73AB8D}"
EndProject
Project("{8BC9CEB8-8B4A-11D0-8D11-00A0C91BC942}") = "task7", "task7\task7.vcxproj", "{FF81C7C8-F7EA-4A61-9579-DF5D4BDFD913}"
EndProject
Project("{8BC9CEB8-8B4A-11D0-8D11-00A0C91BC942}") = "task-8", "task-8\task-8.vcxproj", "{52B630D5-D0DF-482B-A694-5B2554CCA15A}"
EndProject
Project("{8BC9CEB8-8B4A-11D0-8D11-00A0C91BC942}") = "task-9", "task-9\task-9.vcxproj", "{DEE46095-B9AB-4E5E-B76F-CAF02ACB6E96}"
EndProject
Project("{8BC9CEB8-8B4A-11D0-8D11-00A0C91BC942}") = "task-10", "task-10\task-10.vcxproj", "{FF737742-6C6F-4156-825E-6D3E833CD394}"
EndProject
Global
	GlobalSection(SolutionConfigurationPlatforms) = preSolution
		Debug|x64 = Debug|x64
		Debug|x86 = Debug|x86
		Release|x64 = Release|x64
		Release|x86 = Release|x86
	EndGlobalSection
	GlobalSection(ProjectConfigurationPlatforms) = postSolution
		{81722AAE-DF88-4E9B-A74C-CD104BAC1053}.Debug|x64.ActiveCfg = Debug|x64
		{81722AAE-DF88-4E9B-A74C-CD104BAC1053}.Debug|x64.Build.0 = Debug|x64
		{81722AAE-DF88-4E9B-A74C-CD104BAC1053}.Debug|x86.ActiveCfg = Debug|Win32
		{81722AAE-DF88-4E9B-A74C-CD104BAC1053}.Debug|x86.Build.0 = Debug|Win32
		{81722AAE-DF88-4E9B-A74C-CD104BAC1053}.Release|x64.ActiveCfg = Release|x64
		{81722AAE-DF88-4E9B-A74C-CD104BAC1053}.Release|x64.Build.0 = Release|x64
		{81722AAE-DF88-4E9B-A74C-CD104BAC1053}.Release|x86.ActiveCfg = Release|Win32
		{81722AAE-DF88-4E9B-A74C-CD104BAC1053}.Release|x86.Build.0 = Release|Win32
		{FEB7AFC7-614C-46FD-B82A-AAF2ECD1B5EE}.Debug|x64.ActiveCfg = Debug|x64
		{FEB7AFC7-614C-46FD-B82A-AAF2ECD1B5EE}.Debug|x64.Build.0 = Debug|x64
		{FEB7AFC7-614C-46FD-B82A-AAF2ECD1B5EE}.Debug|x86.ActiveCfg = Debug|Win32
		{FEB7AFC7-614C-46FD-B82A-AAF2ECD1B5EE}.Debug|x86.Build.0 = Debug|Win32
		{FEB7AFC7-614C-46FD-B82A-AAF2ECD1B5EE}.Release|x64.ActiveCfg = Release|x64
		{FEB7AFC7-614C-46FD-B82A-AAF2ECD1B5EE}.Release|x64.Build.0 = Release|x64
		{FEB7AFC7-614C-46FD-B82A-AAF2ECD1B5EE}.Release|x86.ActiveCfg = Release|Win32
		{FEB7AFC7-614C-46FD-B82A-AAF2ECD1B5EE}.Release|x86.Build.0 = Release|Win32
		{FB99E6B2-C5D7-4AE5-B046-DF3071F0AED4}.Debug|x64.ActiveCfg = Debug|x64
		{FB99E6B2-C5D7-4AE5-B046-DF3071F0AED4}.Debug|x64.Build.0 = Debug|x64
		{FB99E6B2-C5D7-4AE5-B046-DF3071F0AED4}.Debug|x86.ActiveCfg = Debug|Win32
		{FB99E6B2-C5D7-4AE5-B046-DF3071F0AED4}.Debug|x86.Build.0 = Debug|Win32
		{FB99E6B2-C5D7-4AE5-B046-DF3071F0AED4}.Release|x64.ActiveCfg = Release|x64
		{FB99E6B2-C5D7-4AE5-B046-DF3071F0AED4}.Release|x64.Build.0 = Release|x64
		{FB99E6B2-C5D7-4AE5-B046-DF3071F0AED4}.Release|x86.ActiveCfg = Release|Win32
		{FB99E6B2-C5D7-4AE5-B046-DF3071F0AED4}.Release|x86.Build.0 = Release|Win32
		{237802D4-D042-40BF-BD08-F21A66DC5120}.Debug|x64.ActiveCfg = Debug|x64
		{237802D4-D042-40BF-BD08-F21A66DC5120}.Debug|x64.Build.0 = Debug|x64
		{237802D4-D042-40BF-BD08-F21A66DC5120}.Debug|x86.ActiveCfg = Debug|Win32
		{237802D4-D042-40BF-BD08-F21A66DC5120}.Debug|x86.Build.0 = Debug|Win32
		{237802D4-D042-40BF-BD08-F21A66DC5120}.Release|x64.ActiveCfg = Release|x64
		{237802D4-D042-40BF-BD08-F21A66DC5120}.Release|x64.Build.0 = Release|x64
		{237802D4-D042-40BF-BD08-F21A66DC5120}.Release|x86.ActiveCfg = Release|Win32
		{237802D4-D042-40BF-BD08-F21A66DC5120}.Release|x86.Build.0 = Release|Win32
		{8EEC9DFE-B46B-4191-8F27-4667E80AAFB7}.Debug|x64.ActiveCfg = Debug|x64
		{8EEC9DFE-B46B-4191-8F27-4667E80AAFB7}.Debug|x64.Build.0 = Debug|x64
		{8EEC9DFE-B46B-4191-8F27-4667E80AAFB7}.Debug|x86.ActiveCfg = Debug|Win32
		{8EEC9DFE-B46B-4191-8F27-4667E80AAFB7}.Debug|x86.Build.0 = Debug|Win32
		{8EEC9DFE-B46B-4191-8F27-4667E80AAFB7}.Release|x64.ActiveCfg = Release|x64
		{8EEC9DFE-B46B-4191-8F27-4667E80AAFB7}.Release|x64.Build.0 = Release|x64
		{8EEC9DFE-B46B-4191-8F27-4667E80AAFB7}.Release|x86.ActiveCfg = Release|Win32
		{8EEC9DFE-B46B-4191-8F27-4667E80AAFB7}.Release|x86.Build.0 = Release|Win32
		{F87FEA46-348A-451B-ACC8-80E60E73AB8D}.Debug|x64.ActiveCfg = Debug|x64
		{F87FEA46-348A-451B-ACC8-80E60E73AB8D}.Debug|x64.Build.0 = Debug|x64
		{F87FEA46-348A-451B-ACC8-80E60E73AB8D}.Debug|x86.ActiveCfg = Debug|Win32
		{F87FEA46-348A-451B-ACC8-80E60E73AB8D}.Debug|x86.Build.0 = Debug|Win32
		{F87FEA46-348A-451B-ACC8-80E60E73AB8D}.Release|x64.ActiveCfg = Release|x64
		{F87FEA46-348A-451B-ACC8-80E60E73AB8D}.Release|x64.Build.0 = Release|x64
		{F87FEA46-348A-451B-ACC8-80E60E73AB8D}.Release|x86.ActiveCfg = Release|Win32
		{F87FEA46-348A-451B-ACC8-80E60E73AB8D}.Release|x86.Build.0 = Release|Win32
		{FF81C7C8-F7EA-4A61-9579-DF5D4BDFD913}.Debug|x64.ActiveCfg = Debug|x64
		{FF81C7C8-F7EA-4A61-9579-DF5D4BDFD913}.Debug|x64.Build.0 = Debug|x64
		{FF81C7C8-F7EA-4A61-9579-DF5D4BDFD913}.Debug|x86.ActiveCfg = Debug|Win32
		{FF81C7C8-F7EA-4A61-9579-DF5D4BDFD913}.Debug|x86.Build.0 = Debug|Win32
		{FF81C7C8-F7EA-4A61-9579-DF5D4BDFD913}.Release|x64.ActiveCfg = Release|x64
		{FF81C7C8-F7EA-4A61-9579-DF5D4BDFD913}.Release|x64.Build.0 = Release|x64
		{FF81C7C8-F7EA-4A61-9579-DF5D4BDFD913}.Release|x86.ActiveCfg = Release|Win32
		{FF81C7C8-F7EA-4A61-9579-DF5D4BDFD913}.Release|x86.Build.0 = Release|Win32
		{52B630D5-D0DF-482B-A694-5B2554CCA15A}.Debug|x64.ActiveCfg = Debug|x64
		{52B630D5-D0DF-482B-A694-5B2554CCA15A}.Debug|x64.Build.0 = Debug|x64
		{52B630D5-D0DF-482B-A694-5B2554CCA15A}.Debug|x86.ActiveCfg = Debug|Win32
		{52B630D5-D0DF-482B-A694-5B2554CCA15A}.Debug|x86.Build.0 = Debug|Win32
		{52B630D5-D0DF-482B-A694-5B2554CCA15A}.Release|x64.ActiveCfg = Release|x64
		{52B630D5-D0DF-482B-A694-5B2554CCA15A}.Release|x64.Build.0 = Release|x64
		{52B630D5-D0DF-482B-A694-5B2554CCA15A}.Release|x86.ActiveCfg = Release|Win32
		{52B630D5-D0DF-482B-A694-5B2554CCA15A}.Release|x86.Build.0 = Release|Win32
		{DEE46095-B9AB-4E5E-B76F-CAF02ACB6E96}.Debug|x64.ActiveCfg = Debug|x64
		{DEE46095-B9AB-4E5E-B76F-CAF02ACB6E96}.Debug|x64.Build.0 = Debug|x64
		{DEE46095-B9AB-4E5E-B76F-CAF02ACB6E96}.Debug|x86.ActiveCfg = Debug|Win32
		{DEE46095-B9AB-4E5E-B76F-CAF02ACB6E96}.Debug|x86.Build.0 = Debug|Win32
		{DEE46095-B9AB-4E5E-B76F-CAF02ACB6E96}.Release|x64.ActiveCfg = Release|x64
		{DEE46095-B9AB-4E5E-B76F-CAF02ACB6E96}.Release|x64.Build.0 = Release|x64
		{DEE46095-B9AB-4E5E-B76F-CAF02ACB6E96}.Release|x86.ActiveCfg = Release|Win32
		{DEE46095-B9AB-4E5E-B76F-CAF02ACB6E96}.Release|x86.Build.0 = Release|Win32
		{FF737742-6C6F-4156-825E-6D3E833CD394}.Debug|x64.ActiveCfg = Debug|x64
		{FF737742-6C6F-4156-825E-6D3E833CD394}.Debug|x64.Build.0 = Debug|x64
		{FF737742-6C6F-4156-825E-6D3E833CD394}.Debug|x86.ActiveCfg = Debug|Win32
		{FF737742-6C6F-4156-825E-6D3E833CD394}.Debug|x86.Build.0 = Debug|Win32
		{FF737742-6C6F-4156-825E-6D3E833CD394}.Release|x64.ActiveCfg = Release|x64
		{FF737742-6C6F-4156-825E-6D3E833CD394}.Release|x64.Build.0 = Release|x64
		{FF737742-6C6F-4156-825E-6D3E833CD394}.Release|x86.ActiveCfg = Release|Win32
		{FF737742-6C6F-4156-825E-6D3E833CD394}.Release|x86.Build.0 = Release|Win32
	EndGlobalSection
	GlobalSection(SolutionProperties) = preSolution
		HideSolutionNode = FALSE
	EndGlobalSection
	GlobalSection(ExtensibilityGlobals) = postSolution
		SolutionGuid = {4412E940-E933-4028-B0B7-55D8433BFBB0}
	EndGlobalSection
EndGlobal
