
Microsoft Visual Studio Solution File, Format Version 12.00
# Visual Studio Version 17
VisualStudioVersion = 17.3.32901.215
MinimumVisualStudioVersion = 10.0.40219.1
Project("{8BC9CEB8-8B4A-11D0-8D11-00A0C91BC942}") = "Task-1", "Task-1\Task-1.vcxproj", "{63488CF2-F1EA-4033-B59A-26904A1F611C}"
EndProject
Project("{8BC9CEB8-8B4A-11D0-8D11-00A0C91BC942}") = "Task-2", "Task-2\Task-2.vcxproj", "{79C9DFA4-DD11-4C47-8AFF-CD9A5F92793A}"
EndProject
Project("{8BC9CEB8-8B4A-11D0-8D11-00A0C91BC942}") = "Task-3", "Task-3\Task-3.vcxproj", "{9E3A9F43-02AB-4BE8-9EFF-F2CF1DFE1DFB}"
EndProject
Project("{8BC9CEB8-8B4A-11D0-8D11-00A0C91BC942}") = "Task-4", "Task-4\Task-4.vcxproj", "{145C0FB2-9B09-4739-A1ED-99B00FF114EC}"
EndProject
Project("{8BC9CEB8-8B4A-11D0-8D11-00A0C91BC942}") = "Task-5", "Task-5\Task-5.vcxproj", "{D1EFE90F-C999-48C0-A188-3C92833C9B26}"
EndProject
Project("{8BC9CEB8-8B4A-11D0-8D11-00A0C91BC942}") = "Task-6", "Task-6\Task-6.vcxproj", "{A61AF575-7C34-4373-85BE-0054705C1A38}"
EndProject
Project("{8BC9CEB8-8B4A-11D0-8D11-00A0C91BC942}") = "Task-7", "Task-7\Task-7.vcxproj", "{695AA9D7-3521-47A3-83DA-48903F7A93D7}"
EndProject
Project("{8BC9CEB8-8B4A-11D0-8D11-00A0C91BC942}") = "Task-8", "Task-8\Task-8.vcxproj", "{998FFA08-290A-4C64-8BC5-7383ADDC1928}"
EndProject
Project("{8BC9CEB8-8B4A-11D0-8D11-00A0C91BC942}") = "Task-9", "Task-9\Task-9.vcxproj", "{AA6E8727-5999-44F5-B776-C98A6E83A0AB}"
EndProject
Project("{8BC9CEB8-8B4A-11D0-8D11-00A0C91BC942}") = "Task-10", "Task-10\Task-10.vcxproj", "{50E06ED4-42AE-4DD0-A673-A33A414E7AF3}"
EndProject
Global
	GlobalSection(SolutionConfigurationPlatforms) = preSolution
		Debug|x64 = Debug|x64
		Debug|x86 = Debug|x86
		Release|x64 = Release|x64
		Release|x86 = Release|x86
	EndGlobalSection
	GlobalSection(ProjectConfigurationPlatforms) = postSolution
		{63488CF2-F1EA-4033-B59A-26904A1F611C}.Debug|x64.ActiveCfg = Debug|x64
		{63488CF2-F1EA-4033-B59A-26904A1F611C}.Debug|x64.Build.0 = Debug|x64
		{63488CF2-F1EA-4033-B59A-26904A1F611C}.Debug|x86.ActiveCfg = Debug|Win32
		{63488CF2-F1EA-4033-B59A-26904A1F611C}.Debug|x86.Build.0 = Debug|Win32
		{63488CF2-F1EA-4033-B59A-26904A1F611C}.Release|x64.ActiveCfg = Release|x64
		{63488CF2-F1EA-4033-B59A-26904A1F611C}.Release|x64.Build.0 = Release|x64
		{63488CF2-F1EA-4033-B59A-26904A1F611C}.Release|x86.ActiveCfg = Release|Win32
		{63488CF2-F1EA-4033-B59A-26904A1F611C}.Release|x86.Build.0 = Release|Win32
		{79C9DFA4-DD11-4C47-8AFF-CD9A5F92793A}.Debug|x64.ActiveCfg = Debug|x64
		{79C9DFA4-DD11-4C47-8AFF-CD9A5F92793A}.Debug|x64.Build.0 = Debug|x64
		{79C9DFA4-DD11-4C47-8AFF-CD9A5F92793A}.Debug|x86.ActiveCfg = Debug|Win32
		{79C9DFA4-DD11-4C47-8AFF-CD9A5F92793A}.Debug|x86.Build.0 = Debug|Win32
		{79C9DFA4-DD11-4C47-8AFF-CD9A5F92793A}.Release|x64.ActiveCfg = Release|x64
		{79C9DFA4-DD11-4C47-8AFF-CD9A5F92793A}.Release|x64.Build.0 = Release|x64
		{79C9DFA4-DD11-4C47-8AFF-CD9A5F92793A}.Release|x86.ActiveCfg = Release|Win32
		{79C9DFA4-DD11-4C47-8AFF-CD9A5F92793A}.Release|x86.Build.0 = Release|Win32
		{9E3A9F43-02AB-4BE8-9EFF-F2CF1DFE1DFB}.Debug|x64.ActiveCfg = Debug|x64
		{9E3A9F43-02AB-4BE8-9EFF-F2CF1DFE1DFB}.Debug|x64.Build.0 = Debug|x64
		{9E3A9F43-02AB-4BE8-9EFF-F2CF1DFE1DFB}.Debug|x86.ActiveCfg = Debug|Win32
		{9E3A9F43-02AB-4BE8-9EFF-F2CF1DFE1DFB}.Debug|x86.Build.0 = Debug|Win32
		{9E3A9F43-02AB-4BE8-9EFF-F2CF1DFE1DFB}.Release|x64.ActiveCfg = Release|x64
		{9E3A9F43-02AB-4BE8-9EFF-F2CF1DFE1DFB}.Release|x64.Build.0 = Release|x64
		{9E3A9F43-02AB-4BE8-9EFF-F2CF1DFE1DFB}.Release|x86.ActiveCfg = Release|Win32
		{9E3A9F43-02AB-4BE8-9EFF-F2CF1DFE1DFB}.Release|x86.Build.0 = Release|Win32
		{145C0FB2-9B09-4739-A1ED-99B00FF114EC}.Debug|x64.ActiveCfg = Debug|x64
		{145C0FB2-9B09-4739-A1ED-99B00FF114EC}.Debug|x64.Build.0 = Debug|x64
		{145C0FB2-9B09-4739-A1ED-99B00FF114EC}.Debug|x86.ActiveCfg = Debug|Win32
		{145C0FB2-9B09-4739-A1ED-99B00FF114EC}.Debug|x86.Build.0 = Debug|Win32
		{145C0FB2-9B09-4739-A1ED-99B00FF114EC}.Release|x64.ActiveCfg = Release|x64
		{145C0FB2-9B09-4739-A1ED-99B00FF114EC}.Release|x64.Build.0 = Release|x64
		{145C0FB2-9B09-4739-A1ED-99B00FF114EC}.Release|x86.ActiveCfg = Release|Win32
		{145C0FB2-9B09-4739-A1ED-99B00FF114EC}.Release|x86.Build.0 = Release|Win32
		{D1EFE90F-C999-48C0-A188-3C92833C9B26}.Debug|x64.ActiveCfg = Debug|x64
		{D1EFE90F-C999-48C0-A188-3C92833C9B26}.Debug|x64.Build.0 = Debug|x64
		{D1EFE90F-C999-48C0-A188-3C92833C9B26}.Debug|x86.ActiveCfg = Debug|Win32
		{D1EFE90F-C999-48C0-A188-3C92833C9B26}.Debug|x86.Build.0 = Debug|Win32
		{D1EFE90F-C999-48C0-A188-3C92833C9B26}.Release|x64.ActiveCfg = Release|x64
		{D1EFE90F-C999-48C0-A188-3C92833C9B26}.Release|x64.Build.0 = Release|x64
		{D1EFE90F-C999-48C0-A188-3C92833C9B26}.Release|x86.ActiveCfg = Release|Win32
		{D1EFE90F-C999-48C0-A188-3C92833C9B26}.Release|x86.Build.0 = Release|Win32
		{A61AF575-7C34-4373-85BE-0054705C1A38}.Debug|x64.ActiveCfg = Debug|x64
		{A61AF575-7C34-4373-85BE-0054705C1A38}.Debug|x64.Build.0 = Debug|x64
		{A61AF575-7C34-4373-85BE-0054705C1A38}.Debug|x86.ActiveCfg = Debug|Win32
		{A61AF575-7C34-4373-85BE-0054705C1A38}.Debug|x86.Build.0 = Debug|Win32
		{A61AF575-7C34-4373-85BE-0054705C1A38}.Release|x64.ActiveCfg = Release|x64
		{A61AF575-7C34-4373-85BE-0054705C1A38}.Release|x64.Build.0 = Release|x64
		{A61AF575-7C34-4373-85BE-0054705C1A38}.Release|x86.ActiveCfg = Release|Win32
		{A61AF575-7C34-4373-85BE-0054705C1A38}.Release|x86.Build.0 = Release|Win32
		{695AA9D7-3521-47A3-83DA-48903F7A93D7}.Debug|x64.ActiveCfg = Debug|x64
		{695AA9D7-3521-47A3-83DA-48903F7A93D7}.Debug|x64.Build.0 = Debug|x64
		{695AA9D7-3521-47A3-83DA-48903F7A93D7}.Debug|x86.ActiveCfg = Debug|Win32
		{695AA9D7-3521-47A3-83DA-48903F7A93D7}.Debug|x86.Build.0 = Debug|Win32
		{695AA9D7-3521-47A3-83DA-48903F7A93D7}.Release|x64.ActiveCfg = Release|x64
		{695AA9D7-3521-47A3-83DA-48903F7A93D7}.Release|x64.Build.0 = Release|x64
		{695AA9D7-3521-47A3-83DA-48903F7A93D7}.Release|x86.ActiveCfg = Release|Win32
		{695AA9D7-3521-47A3-83DA-48903F7A93D7}.Release|x86.Build.0 = Release|Win32
		{998FFA08-290A-4C64-8BC5-7383ADDC1928}.Debug|x64.ActiveCfg = Debug|x64
		{998FFA08-290A-4C64-8BC5-7383ADDC1928}.Debug|x64.Build.0 = Debug|x64
		{998FFA08-290A-4C64-8BC5-7383ADDC1928}.Debug|x86.ActiveCfg = Debug|Win32
		{998FFA08-290A-4C64-8BC5-7383ADDC1928}.Debug|x86.Build.0 = Debug|Win32
		{998FFA08-290A-4C64-8BC5-7383ADDC1928}.Release|x64.ActiveCfg = Release|x64
		{998FFA08-290A-4C64-8BC5-7383ADDC1928}.Release|x64.Build.0 = Release|x64
		{998FFA08-290A-4C64-8BC5-7383ADDC1928}.Release|x86.ActiveCfg = Release|Win32
		{998FFA08-290A-4C64-8BC5-7383ADDC1928}.Release|x86.Build.0 = Release|Win32
		{AA6E8727-5999-44F5-B776-C98A6E83A0AB}.Debug|x64.ActiveCfg = Debug|x64
		{AA6E8727-5999-44F5-B776-C98A6E83A0AB}.Debug|x64.Build.0 = Debug|x64
		{AA6E8727-5999-44F5-B776-C98A6E83A0AB}.Debug|x86.ActiveCfg = Debug|Win32
		{AA6E8727-5999-44F5-B776-C98A6E83A0AB}.Debug|x86.Build.0 = Debug|Win32
		{AA6E8727-5999-44F5-B776-C98A6E83A0AB}.Release|x64.ActiveCfg = Release|x64
		{AA6E8727-5999-44F5-B776-C98A6E83A0AB}.Release|x64.Build.0 = Release|x64
		{AA6E8727-5999-44F5-B776-C98A6E83A0AB}.Release|x86.ActiveCfg = Release|Win32
		{AA6E8727-5999-44F5-B776-C98A6E83A0AB}.Release|x86.Build.0 = Release|Win32
		{50E06ED4-42AE-4DD0-A673-A33A414E7AF3}.Debug|x64.ActiveCfg = Debug|x64
		{50E06ED4-42AE-4DD0-A673-A33A414E7AF3}.Debug|x64.Build.0 = Debug|x64
		{50E06ED4-42AE-4DD0-A673-A33A414E7AF3}.Debug|x86.ActiveCfg = Debug|Win32
		{50E06ED4-42AE-4DD0-A673-A33A414E7AF3}.Debug|x86.Build.0 = Debug|Win32
		{50E06ED4-42AE-4DD0-A673-A33A414E7AF3}.Release|x64.ActiveCfg = Release|x64
		{50E06ED4-42AE-4DD0-A673-A33A414E7AF3}.Release|x64.Build.0 = Release|x64
		{50E06ED4-42AE-4DD0-A673-A33A414E7AF3}.Release|x86.ActiveCfg = Release|Win32
		{50E06ED4-42AE-4DD0-A673-A33A414E7AF3}.Release|x86.Build.0 = Release|Win32
	EndGlobalSection
	GlobalSection(SolutionProperties) = preSolution
		HideSolutionNode = FALSE
	EndGlobalSection
	GlobalSection(ExtensibilityGlobals) = postSolution
		SolutionGuid = {A3E0CBD6-3A06-4229-AAAF-AA46A50AC34A}
	EndGlobalSection
EndGlobal
