
Microsoft Visual Studio Solution File, Format Version 12.00
# Visual Studio Version 17
VisualStudioVersion = 17.3.32901.215
MinimumVisualStudioVersion = 10.0.40219.1
Project("{8BC9CEB8-8B4A-11D0-8D11-00A0C91BC942}") = "task1", "task1\task1.vcxproj", "{D5A638EC-686D-472E-AB24-1506384258D7}"
EndProject
Project("{8BC9CEB8-8B4A-11D0-8D11-00A0C91BC942}") = "task2", "task2\task2.vcxproj", "{B0F16759-601F-48EA-B832-FE3A85310CB7}"
EndProject
Project("{8BC9CEB8-8B4A-11D0-8D11-00A0C91BC942}") = "task3", "task3\task3.vcxproj", "{5F458484-F589-4583-ADBE-AB3577447F7E}"
EndProject
Project("{8BC9CEB8-8B4A-11D0-8D11-00A0C91BC942}") = "task4", "task4\task4.vcxproj", "{0177EC5A-3817-4335-9E3E-9F34D9ACD2FB}"
EndProject
Project("{8BC9CEB8-8B4A-11D0-8D11-00A0C91BC942}") = "task5", "task5\task5.vcxproj", "{5F1F2891-B898-457C-94F3-AD9D86216992}"
EndProject
Project("{8BC9CEB8-8B4A-11D0-8D11-00A0C91BC942}") = "task6", "task6\task6.vcxproj", "{79BEA7B2-AF7B-4C0F-B4D1-D02007A7A772}"
EndProject
Project("{8BC9CEB8-8B4A-11D0-8D11-00A0C91BC942}") = "task7", "task7\task7.vcxproj", "{798B81F2-1E44-49A4-9170-058530782A02}"
EndProject
Project("{8BC9CEB8-8B4A-11D0-8D11-00A0C91BC942}") = "task8", "task8\task8.vcxproj", "{A7549FDB-7E4B-4314-BD5D-2D4AB2FFA767}"
EndProject
Project("{8BC9CEB8-8B4A-11D0-8D11-00A0C91BC942}") = "task9", "task9\task9.vcxproj", "{B21A2472-C9F5-40E4-BE51-CF59CE583FA6}"
EndProject
Project("{8BC9CEB8-8B4A-11D0-8D11-00A0C91BC942}") = "task10", "task10\task10.vcxproj", "{D7644B6B-5C7D-4562-821B-5250D589F770}"
EndProject
Global
	GlobalSection(SolutionConfigurationPlatforms) = preSolution
		Debug|x64 = Debug|x64
		Debug|x86 = Debug|x86
		Release|x64 = Release|x64
		Release|x86 = Release|x86
	EndGlobalSection
	GlobalSection(ProjectConfigurationPlatforms) = postSolution
		{D5A638EC-686D-472E-AB24-1506384258D7}.Debug|x64.ActiveCfg = Debug|x64
		{D5A638EC-686D-472E-AB24-1506384258D7}.Debug|x64.Build.0 = Debug|x64
		{D5A638EC-686D-472E-AB24-1506384258D7}.Debug|x86.ActiveCfg = Debug|Win32
		{D5A638EC-686D-472E-AB24-1506384258D7}.Debug|x86.Build.0 = Debug|Win32
		{D5A638EC-686D-472E-AB24-1506384258D7}.Release|x64.ActiveCfg = Release|x64
		{D5A638EC-686D-472E-AB24-1506384258D7}.Release|x64.Build.0 = Release|x64
		{D5A638EC-686D-472E-AB24-1506384258D7}.Release|x86.ActiveCfg = Release|Win32
		{D5A638EC-686D-472E-AB24-1506384258D7}.Release|x86.Build.0 = Release|Win32
		{B0F16759-601F-48EA-B832-FE3A85310CB7}.Debug|x64.ActiveCfg = Debug|x64
		{B0F16759-601F-48EA-B832-FE3A85310CB7}.Debug|x64.Build.0 = Debug|x64
		{B0F16759-601F-48EA-B832-FE3A85310CB7}.Debug|x86.ActiveCfg = Debug|Win32
		{B0F16759-601F-48EA-B832-FE3A85310CB7}.Debug|x86.Build.0 = Debug|Win32
		{B0F16759-601F-48EA-B832-FE3A85310CB7}.Release|x64.ActiveCfg = Release|x64
		{B0F16759-601F-48EA-B832-FE3A85310CB7}.Release|x64.Build.0 = Release|x64
		{B0F16759-601F-48EA-B832-FE3A85310CB7}.Release|x86.ActiveCfg = Release|Win32
		{B0F16759-601F-48EA-B832-FE3A85310CB7}.Release|x86.Build.0 = Release|Win32
		{5F458484-F589-4583-ADBE-AB3577447F7E}.Debug|x64.ActiveCfg = Debug|x64
		{5F458484-F589-4583-ADBE-AB3577447F7E}.Debug|x64.Build.0 = Debug|x64
		{5F458484-F589-4583-ADBE-AB3577447F7E}.Debug|x86.ActiveCfg = Debug|Win32
		{5F458484-F589-4583-ADBE-AB3577447F7E}.Debug|x86.Build.0 = Debug|Win32
		{5F458484-F589-4583-ADBE-AB3577447F7E}.Release|x64.ActiveCfg = Release|x64
		{5F458484-F589-4583-ADBE-AB3577447F7E}.Release|x64.Build.0 = Release|x64
		{5F458484-F589-4583-ADBE-AB3577447F7E}.Release|x86.ActiveCfg = Release|Win32
		{5F458484-F589-4583-ADBE-AB3577447F7E}.Release|x86.Build.0 = Release|Win32
		{0177EC5A-3817-4335-9E3E-9F34D9ACD2FB}.Debug|x64.ActiveCfg = Debug|x64
		{0177EC5A-3817-4335-9E3E-9F34D9ACD2FB}.Debug|x64.Build.0 = Debug|x64
		{0177EC5A-3817-4335-9E3E-9F34D9ACD2FB}.Debug|x86.ActiveCfg = Debug|Win32
		{0177EC5A-3817-4335-9E3E-9F34D9ACD2FB}.Debug|x86.Build.0 = Debug|Win32
		{0177EC5A-3817-4335-9E3E-9F34D9ACD2FB}.Release|x64.ActiveCfg = Release|x64
		{0177EC5A-3817-4335-9E3E-9F34D9ACD2FB}.Release|x64.Build.0 = Release|x64
		{0177EC5A-3817-4335-9E3E-9F34D9ACD2FB}.Release|x86.ActiveCfg = Release|Win32
		{0177EC5A-3817-4335-9E3E-9F34D9ACD2FB}.Release|x86.Build.0 = Release|Win32
		{5F1F2891-B898-457C-94F3-AD9D86216992}.Debug|x64.ActiveCfg = Debug|x64
		{5F1F2891-B898-457C-94F3-AD9D86216992}.Debug|x64.Build.0 = Debug|x64
		{5F1F2891-B898-457C-94F3-AD9D86216992}.Debug|x86.ActiveCfg = Debug|Win32
		{5F1F2891-B898-457C-94F3-AD9D86216992}.Debug|x86.Build.0 = Debug|Win32
		{5F1F2891-B898-457C-94F3-AD9D86216992}.Release|x64.ActiveCfg = Release|x64
		{5F1F2891-B898-457C-94F3-AD9D86216992}.Release|x64.Build.0 = Release|x64
		{5F1F2891-B898-457C-94F3-AD9D86216992}.Release|x86.ActiveCfg = Release|Win32
		{5F1F2891-B898-457C-94F3-AD9D86216992}.Release|x86.Build.0 = Release|Win32
		{79BEA7B2-AF7B-4C0F-B4D1-D02007A7A772}.Debug|x64.ActiveCfg = Debug|x64
		{79BEA7B2-AF7B-4C0F-B4D1-D02007A7A772}.Debug|x64.Build.0 = Debug|x64
		{79BEA7B2-AF7B-4C0F-B4D1-D02007A7A772}.Debug|x86.ActiveCfg = Debug|Win32
		{79BEA7B2-AF7B-4C0F-B4D1-D02007A7A772}.Debug|x86.Build.0 = Debug|Win32
		{79BEA7B2-AF7B-4C0F-B4D1-D02007A7A772}.Release|x64.ActiveCfg = Release|x64
		{79BEA7B2-AF7B-4C0F-B4D1-D02007A7A772}.Release|x64.Build.0 = Release|x64
		{79BEA7B2-AF7B-4C0F-B4D1-D02007A7A772}.Release|x86.ActiveCfg = Release|Win32
		{79BEA7B2-AF7B-4C0F-B4D1-D02007A7A772}.Release|x86.Build.0 = Release|Win32
		{798B81F2-1E44-49A4-9170-058530782A02}.Debug|x64.ActiveCfg = Debug|x64
		{798B81F2-1E44-49A4-9170-058530782A02}.Debug|x64.Build.0 = Debug|x64
		{798B81F2-1E44-49A4-9170-058530782A02}.Debug|x86.ActiveCfg = Debug|Win32
		{798B81F2-1E44-49A4-9170-058530782A02}.Debug|x86.Build.0 = Debug|Win32
		{798B81F2-1E44-49A4-9170-058530782A02}.Release|x64.ActiveCfg = Release|x64
		{798B81F2-1E44-49A4-9170-058530782A02}.Release|x64.Build.0 = Release|x64
		{798B81F2-1E44-49A4-9170-058530782A02}.Release|x86.ActiveCfg = Release|Win32
		{798B81F2-1E44-49A4-9170-058530782A02}.Release|x86.Build.0 = Release|Win32
		{A7549FDB-7E4B-4314-BD5D-2D4AB2FFA767}.Debug|x64.ActiveCfg = Debug|x64
		{A7549FDB-7E4B-4314-BD5D-2D4AB2FFA767}.Debug|x64.Build.0 = Debug|x64
		{A7549FDB-7E4B-4314-BD5D-2D4AB2FFA767}.Debug|x86.ActiveCfg = Debug|Win32
		{A7549FDB-7E4B-4314-BD5D-2D4AB2FFA767}.Debug|x86.Build.0 = Debug|Win32
		{A7549FDB-7E4B-4314-BD5D-2D4AB2FFA767}.Release|x64.ActiveCfg = Release|x64
		{A7549FDB-7E4B-4314-BD5D-2D4AB2FFA767}.Release|x64.Build.0 = Release|x64
		{A7549FDB-7E4B-4314-BD5D-2D4AB2FFA767}.Release|x86.ActiveCfg = Release|Win32
		{A7549FDB-7E4B-4314-BD5D-2D4AB2FFA767}.Release|x86.Build.0 = Release|Win32
		{B21A2472-C9F5-40E4-BE51-CF59CE583FA6}.Debug|x64.ActiveCfg = Debug|x64
		{B21A2472-C9F5-40E4-BE51-CF59CE583FA6}.Debug|x64.Build.0 = Debug|x64
		{B21A2472-C9F5-40E4-BE51-CF59CE583FA6}.Debug|x86.ActiveCfg = Debug|Win32
		{B21A2472-C9F5-40E4-BE51-CF59CE583FA6}.Debug|x86.Build.0 = Debug|Win32
		{B21A2472-C9F5-40E4-BE51-CF59CE583FA6}.Release|x64.ActiveCfg = Release|x64
		{B21A2472-C9F5-40E4-BE51-CF59CE583FA6}.Release|x64.Build.0 = Release|x64
		{B21A2472-C9F5-40E4-BE51-CF59CE583FA6}.Release|x86.ActiveCfg = Release|Win32
		{B21A2472-C9F5-40E4-BE51-CF59CE583FA6}.Release|x86.Build.0 = Release|Win32
		{D7644B6B-5C7D-4562-821B-5250D589F770}.Debug|x64.ActiveCfg = Debug|x64
		{D7644B6B-5C7D-4562-821B-5250D589F770}.Debug|x64.Build.0 = Debug|x64
		{D7644B6B-5C7D-4562-821B-5250D589F770}.Debug|x86.ActiveCfg = Debug|Win32
		{D7644B6B-5C7D-4562-821B-5250D589F770}.Debug|x86.Build.0 = Debug|Win32
		{D7644B6B-5C7D-4562-821B-5250D589F770}.Release|x64.ActiveCfg = Release|x64
		{D7644B6B-5C7D-4562-821B-5250D589F770}.Release|x64.Build.0 = Release|x64
		{D7644B6B-5C7D-4562-821B-5250D589F770}.Release|x86.ActiveCfg = Release|Win32
		{D7644B6B-5C7D-4562-821B-5250D589F770}.Release|x86.Build.0 = Release|Win32
	EndGlobalSection
	GlobalSection(SolutionProperties) = preSolution
		HideSolutionNode = FALSE
	EndGlobalSection
	GlobalSection(ExtensibilityGlobals) = postSolution
		SolutionGuid = {9F095315-5110-43E9-BFC5-FB6A0976CF90}
	EndGlobalSection
EndGlobal
